
Microsoft Visual Studio Solution File, Format Version 12.00
# Visual Studio Version 17
VisualStudioVersion = 17.2.32616.157
MinimumVisualStudioVersion = 10.0.40219.1
Project("{FAE04EC0-301F-11D3-BF4B-00C04F79EFBC}") = "Csharp-Working-9-5", "Csharp-Working-9-5.csproj", "{3FC24B2E-BA83-4756-B758-49491E5A4768}"
EndProject
Global
	GlobalSection(SolutionConfigurationPlatforms) = preSolution
		Debug|Any CPU = Debug|Any CPU
		Release|Any CPU = Release|Any CPU
	EndGlobalSection
	GlobalSection(ProjectConfigurationPlatforms) = postSolution
		{3FC24B2E-BA83-4756-B758-49491E5A4768}.Debug|Any CPU.ActiveCfg = Debug|Any CPU
		{3FC24B2E-BA83-4756-B758-49491E5A4768}.Debug|Any CPU.Build.0 = Debug|Any CPU
		{3FC24B2E-BA83-4756-B758-49491E5A4768}.Release|Any CPU.ActiveCfg = Release|Any CPU
		{3FC24B2E-BA83-4756-B758-49491E5A4768}.Release|Any CPU.Build.0 = Release|Any CPU
	EndGlobalSection
	GlobalSection(SolutionProperties) = preSolution
		HideSolutionNode = FALSE
	EndGlobalSection
	GlobalSection(ExtensibilityGlobals) = postSolution
		SolutionGuid = {8E813657-0EB0-4A7F-92CD-BC1944F1A54E}
	EndGlobalSection
EndGlobal
